
Microsoft Visual Studio Solution File, Format Version 12.00
# Visual Studio 14
VisualStudioVersion = 14.0.25123.0
MinimumVisualStudioVersion = 10.0.40219.1
Project("{FAE04EC0-301F-11D3-BF4B-00C04F79EFBC}") = "MSWordFileRenamer", "MSWordFileRenamer\MSWordFileRenamer.csproj", "{86D24CD9-3BAC-40B7-95E0-7379C65F5D64}"
EndProject
Project("{FAE04EC0-301F-11D3-BF4B-00C04F79EFBC}") = "Components", "Components\Components.csproj", "{B55680A6-A8B0-4A16-89F5-2959F4959A22}"
EndProject
Project("{FAE04EC0-301F-11D3-BF4B-00C04F79EFBC}") = "RenamerTest", "RenamerTest\RenamerTest.csproj", "{6E458A5E-2AD6-4519-A59F-105F5478BC2F}"
EndProject
Global
	GlobalSection(SolutionConfigurationPlatforms) = preSolution
		Debug|Any CPU = Debug|Any CPU
		Debug|ARM = Debug|ARM
		Debug|x64 = Debug|x64
		Debug|x86 = Debug|x86
		Release|Any CPU = Release|Any CPU
		Release|ARM = Release|ARM
		Release|x64 = Release|x64
		Release|x86 = Release|x86
	EndGlobalSection
	GlobalSection(ProjectConfigurationPlatforms) = postSolution
		{86D24CD9-3BAC-40B7-95E0-7379C65F5D64}.Debug|Any CPU.ActiveCfg = Debug|Any CPU
		{86D24CD9-3BAC-40B7-95E0-7379C65F5D64}.Debug|Any CPU.Build.0 = Debug|Any CPU
		{86D24CD9-3BAC-40B7-95E0-7379C65F5D64}.Debug|ARM.ActiveCfg = Debug|Any CPU
		{86D24CD9-3BAC-40B7-95E0-7379C65F5D64}.Debug|ARM.Build.0 = Debug|Any CPU
		{86D24CD9-3BAC-40B7-95E0-7379C65F5D64}.Debug|x64.ActiveCfg = Debug|Any CPU
		{86D24CD9-3BAC-40B7-95E0-7379C65F5D64}.Debug|x64.Build.0 = Debug|Any CPU
		{86D24CD9-3BAC-40B7-95E0-7379C65F5D64}.Debug|x86.ActiveCfg = Debug|Any CPU
		{86D24CD9-3BAC-40B7-95E0-7379C65F5D64}.Debug|x86.Build.0 = Debug|Any CPU
		{86D24CD9-3BAC-40B7-95E0-7379C65F5D64}.Release|Any CPU.ActiveCfg = Release|Any CPU
		{86D24CD9-3BAC-40B7-95E0-7379C65F5D64}.Release|Any CPU.Build.0 = Release|Any CPU
		{86D24CD9-3BAC-40B7-95E0-7379C65F5D64}.Release|ARM.ActiveCfg = Release|Any CPU
		{86D24CD9-3BAC-40B7-95E0-7379C65F5D64}.Release|ARM.Build.0 = Release|Any CPU
		{86D24CD9-3BAC-40B7-95E0-7379C65F5D64}.Release|x64.ActiveCfg = Release|Any CPU
		{86D24CD9-3BAC-40B7-95E0-7379C65F5D64}.Release|x64.Build.0 = Release|Any CPU
		{86D24CD9-3BAC-40B7-95E0-7379C65F5D64}.Release|x86.ActiveCfg = Release|Any CPU
		{86D24CD9-3BAC-40B7-95E0-7379C65F5D64}.Release|x86.Build.0 = Release|Any CPU
		{B55680A6-A8B0-4A16-89F5-2959F4959A22}.Debug|Any CPU.ActiveCfg = Debug|Any CPU
		{B55680A6-A8B0-4A16-89F5-2959F4959A22}.Debug|Any CPU.Build.0 = Debug|Any CPU
		{B55680A6-A8B0-4A16-89F5-2959F4959A22}.Debug|ARM.ActiveCfg = Debug|Any CPU
		{B55680A6-A8B0-4A16-89F5-2959F4959A22}.Debug|ARM.Build.0 = Debug|Any CPU
		{B55680A6-A8B0-4A16-89F5-2959F4959A22}.Debug|x64.ActiveCfg = Debug|Any CPU
		{B55680A6-A8B0-4A16-89F5-2959F4959A22}.Debug|x64.Build.0 = Debug|Any CPU
		{B55680A6-A8B0-4A16-89F5-2959F4959A22}.Debug|x86.ActiveCfg = Debug|Any CPU
		{B55680A6-A8B0-4A16-89F5-2959F4959A22}.Debug|x86.Build.0 = Debug|Any CPU
		{B55680A6-A8B0-4A16-89F5-2959F4959A22}.Release|Any CPU.ActiveCfg = Release|Any CPU
		{B55680A6-A8B0-4A16-89F5-2959F4959A22}.Release|Any CPU.Build.0 = Release|Any CPU
		{B55680A6-A8B0-4A16-89F5-2959F4959A22}.Release|ARM.ActiveCfg = Release|Any CPU
		{B55680A6-A8B0-4A16-89F5-2959F4959A22}.Release|ARM.Build.0 = Release|Any CPU
		{B55680A6-A8B0-4A16-89F5-2959F4959A22}.Release|x64.ActiveCfg = Release|Any CPU
		{B55680A6-A8B0-4A16-89F5-2959F4959A22}.Release|x64.Build.0 = Release|Any CPU
		{B55680A6-A8B0-4A16-89F5-2959F4959A22}.Release|x86.ActiveCfg = Release|Any CPU
		{B55680A6-A8B0-4A16-89F5-2959F4959A22}.Release|x86.Build.0 = Release|Any CPU
		{6E458A5E-2AD6-4519-A59F-105F5478BC2F}.Debug|Any CPU.ActiveCfg = Debug|Any CPU
		{6E458A5E-2AD6-4519-A59F-105F5478BC2F}.Debug|Any CPU.Build.0 = Debug|Any CPU
		{6E458A5E-2AD6-4519-A59F-105F5478BC2F}.Debug|ARM.ActiveCfg = Debug|Any CPU
		{6E458A5E-2AD6-4519-A59F-105F5478BC2F}.Debug|ARM.Build.0 = Debug|Any CPU
		{6E458A5E-2AD6-4519-A59F-105F5478BC2F}.Debug|x64.ActiveCfg = Debug|Any CPU
		{6E458A5E-2AD6-4519-A59F-105F5478BC2F}.Debug|x64.Build.0 = Debug|Any CPU
		{6E458A5E-2AD6-4519-A59F-105F5478BC2F}.Debug|x86.ActiveCfg = Debug|Any CPU
		{6E458A5E-2AD6-4519-A59F-105F5478BC2F}.Debug|x86.Build.0 = Debug|Any CPU
		{6E458A5E-2AD6-4519-A59F-105F5478BC2F}.Release|Any CPU.ActiveCfg = Release|Any CPU
		{6E458A5E-2AD6-4519-A59F-105F5478BC2F}.Release|Any CPU.Build.0 = Release|Any CPU
		{6E458A5E-2AD6-4519-A59F-105F5478BC2F}.Release|ARM.ActiveCfg = Release|Any CPU
		{6E458A5E-2AD6-4519-A59F-105F5478BC2F}.Release|ARM.Build.0 = Release|Any CPU
		{6E458A5E-2AD6-4519-A59F-105F5478BC2F}.Release|x64.ActiveCfg = Release|Any CPU
		{6E458A5E-2AD6-4519-A59F-105F5478BC2F}.Release|x64.Build.0 = Release|Any CPU
		{6E458A5E-2AD6-4519-A59F-105F5478BC2F}.Release|x86.ActiveCfg = Release|Any CPU
		{6E458A5E-2AD6-4519-A59F-105F5478BC2F}.Release|x86.Build.0 = Release|Any CPU
	EndGlobalSection
	GlobalSection(SolutionProperties) = preSolution
		HideSolutionNode = FALSE
	EndGlobalSection
EndGlobal
